
Microsoft Visual Studio Solution File, Format Version 12.00
# Visual Studio 14
VisualStudioVersion = 14.0.23107.0
MinimumVisualStudioVersion = 10.0.40219.1
Project("{159641D6-6404-4A2A-AE62-294DE0FE8301}") = "PROYECTO_IS", "PROYECTO_IS\PROYECTO_IS.dtproj", "{AECB71C6-4283-4919-BD5C-1FDEB176B687}"
EndProject
Global
	GlobalSection(SolutionConfigurationPlatforms) = preSolution
		Development|Default = Development|Default
	EndGlobalSection
	GlobalSection(ProjectConfigurationPlatforms) = postSolution
		{AECB71C6-4283-4919-BD5C-1FDEB176B687}.Development|Default.ActiveCfg = Development
		{AECB71C6-4283-4919-BD5C-1FDEB176B687}.Development|Default.Build.0 = Development
	EndGlobalSection
	GlobalSection(SolutionProperties) = preSolution
		HideSolutionNode = FALSE
	EndGlobalSection
EndGlobal
